
Microsoft Visual Studio Solution File, Format Version 12.00
# Visual Studio Version 16
VisualStudioVersion = 16.0.29709.97
MinimumVisualStudioVersion = 10.0.40219.1
Project("{FAE04EC0-301F-11D3-BF4B-00C04F79EFBC}") = "WPFDesktopUI", "WPFDesktopUI\WPFDesktopUI.csproj", "{C75264BD-5136-4FB1-8857-44AC126EF9E4}"
EndProject
Project("{FAE04EC0-301F-11D3-BF4B-00C04F79EFBC}") = "QBConnect", "QBConnect\QBConnect.csproj", "{370F8889-4815-4BC4-ADBF-BF305A4A41A3}"
EndProject
Project("{FAE04EC0-301F-11D3-BF4B-00C04F79EFBC}") = "MCBusinessLogic", "MCBusinessLogic\MCBusinessLogic.csproj", "{83EAEC0B-5CAF-4767-841B-21D913A8557A}"
EndProject
Project("{FAE04EC0-301F-11D3-BF4B-00C04F79EFBC}") = "MCBusinessLogic.UnitTests", "MCBusinessLogic.UnitTests\MCBusinessLogic.UnitTests.csproj", "{49EF2066-441D-44AF-B34F-5158781C7048}"
EndProject
Project("{C7167F0D-BC9F-4E6E-AFE1-012C56B48DB5}") = "Msix Installer", "Msix Installer\Msix Installer.wapproj", "{51F46B2F-2338-48C0-8FC0-56771BB524E9}"
EndProject
Project("{C7167F0D-BC9F-4E6E-AFE1-012C56B48DB5}") = "Installer", "Installer\Installer.wapproj", "{B30EB319-0BA7-457D-80D1-5B5BB0A8D6A6}"
EndProject
Project("{FAE04EC0-301F-11D3-BF4B-00C04F79EFBC}") = "WPFDesktopUI.UnitTests", "WPFDesktopUI.UnitTests\WPFDesktopUI.UnitTests.csproj", "{E4B075CA-EC11-4A18-BD37-994D78C78F26}"
EndProject
Global
	GlobalSection(SolutionConfigurationPlatforms) = preSolution
		Debug|Any CPU = Debug|Any CPU
		Debug|ARM = Debug|ARM
		Debug|ARM64 = Debug|ARM64
		Debug|x64 = Debug|x64
		Debug|x86 = Debug|x86
		Release|Any CPU = Release|Any CPU
		Release|ARM = Release|ARM
		Release|ARM64 = Release|ARM64
		Release|x64 = Release|x64
		Release|x86 = Release|x86
	EndGlobalSection
	GlobalSection(ProjectConfigurationPlatforms) = postSolution
		{C75264BD-5136-4FB1-8857-44AC126EF9E4}.Debug|Any CPU.ActiveCfg = Debug|Any CPU
		{C75264BD-5136-4FB1-8857-44AC126EF9E4}.Debug|Any CPU.Build.0 = Debug|Any CPU
		{C75264BD-5136-4FB1-8857-44AC126EF9E4}.Debug|ARM.ActiveCfg = Debug|Any CPU
		{C75264BD-5136-4FB1-8857-44AC126EF9E4}.Debug|ARM.Build.0 = Debug|Any CPU
		{C75264BD-5136-4FB1-8857-44AC126EF9E4}.Debug|ARM64.ActiveCfg = Debug|Any CPU
		{C75264BD-5136-4FB1-8857-44AC126EF9E4}.Debug|ARM64.Build.0 = Debug|Any CPU
		{C75264BD-5136-4FB1-8857-44AC126EF9E4}.Debug|x64.ActiveCfg = Debug|x64
		{C75264BD-5136-4FB1-8857-44AC126EF9E4}.Debug|x64.Build.0 = Debug|x64
		{C75264BD-5136-4FB1-8857-44AC126EF9E4}.Debug|x86.ActiveCfg = Debug|x86
		{C75264BD-5136-4FB1-8857-44AC126EF9E4}.Debug|x86.Build.0 = Debug|x86
		{C75264BD-5136-4FB1-8857-44AC126EF9E4}.Release|Any CPU.ActiveCfg = Release|Any CPU
		{C75264BD-5136-4FB1-8857-44AC126EF9E4}.Release|Any CPU.Build.0 = Release|Any CPU
		{C75264BD-5136-4FB1-8857-44AC126EF9E4}.Release|ARM.ActiveCfg = Release|Any CPU
		{C75264BD-5136-4FB1-8857-44AC126EF9E4}.Release|ARM.Build.0 = Release|Any CPU
		{C75264BD-5136-4FB1-8857-44AC126EF9E4}.Release|ARM64.ActiveCfg = Release|Any CPU
		{C75264BD-5136-4FB1-8857-44AC126EF9E4}.Release|ARM64.Build.0 = Release|Any CPU
		{C75264BD-5136-4FB1-8857-44AC126EF9E4}.Release|x64.ActiveCfg = Release|x64
		{C75264BD-5136-4FB1-8857-44AC126EF9E4}.Release|x64.Build.0 = Release|x64
		{C75264BD-5136-4FB1-8857-44AC126EF9E4}.Release|x86.ActiveCfg = Release|x86
		{C75264BD-5136-4FB1-8857-44AC126EF9E4}.Release|x86.Build.0 = Release|x86
		{370F8889-4815-4BC4-ADBF-BF305A4A41A3}.Debug|Any CPU.ActiveCfg = Debug|Any CPU
		{370F8889-4815-4BC4-ADBF-BF305A4A41A3}.Debug|Any CPU.Build.0 = Debug|Any CPU
		{370F8889-4815-4BC4-ADBF-BF305A4A41A3}.Debug|ARM.ActiveCfg = Debug|Any CPU
		{370F8889-4815-4BC4-ADBF-BF305A4A41A3}.Debug|ARM.Build.0 = Debug|Any CPU
		{370F8889-4815-4BC4-ADBF-BF305A4A41A3}.Debug|ARM64.ActiveCfg = Debug|Any CPU
		{370F8889-4815-4BC4-ADBF-BF305A4A41A3}.Debug|ARM64.Build.0 = Debug|Any CPU
		{370F8889-4815-4BC4-ADBF-BF305A4A41A3}.Debug|x64.ActiveCfg = Debug|x64
		{370F8889-4815-4BC4-ADBF-BF305A4A41A3}.Debug|x64.Build.0 = Debug|x64
		{370F8889-4815-4BC4-ADBF-BF305A4A41A3}.Debug|x86.ActiveCfg = Debug|x86
		{370F8889-4815-4BC4-ADBF-BF305A4A41A3}.Debug|x86.Build.0 = Debug|x86
		{370F8889-4815-4BC4-ADBF-BF305A4A41A3}.Release|Any CPU.ActiveCfg = Release|Any CPU
		{370F8889-4815-4BC4-ADBF-BF305A4A41A3}.Release|Any CPU.Build.0 = Release|Any CPU
		{370F8889-4815-4BC4-ADBF-BF305A4A41A3}.Release|ARM.ActiveCfg = Release|Any CPU
		{370F8889-4815-4BC4-ADBF-BF305A4A41A3}.Release|ARM.Build.0 = Release|Any CPU
		{370F8889-4815-4BC4-ADBF-BF305A4A41A3}.Release|ARM64.ActiveCfg = Release|Any CPU
		{370F8889-4815-4BC4-ADBF-BF305A4A41A3}.Release|ARM64.Build.0 = Release|Any CPU
		{370F8889-4815-4BC4-ADBF-BF305A4A41A3}.Release|x64.ActiveCfg = Release|x64
		{370F8889-4815-4BC4-ADBF-BF305A4A41A3}.Release|x64.Build.0 = Release|x64
		{370F8889-4815-4BC4-ADBF-BF305A4A41A3}.Release|x86.ActiveCfg = Release|x86
		{370F8889-4815-4BC4-ADBF-BF305A4A41A3}.Release|x86.Build.0 = Release|x86
		{83EAEC0B-5CAF-4767-841B-21D913A8557A}.Debug|Any CPU.ActiveCfg = Debug|Any CPU
		{83EAEC0B-5CAF-4767-841B-21D913A8557A}.Debug|Any CPU.Build.0 = Debug|Any CPU
		{83EAEC0B-5CAF-4767-841B-21D913A8557A}.Debug|ARM.ActiveCfg = Debug|Any CPU
		{83EAEC0B-5CAF-4767-841B-21D913A8557A}.Debug|ARM.Build.0 = Debug|Any CPU
		{83EAEC0B-5CAF-4767-841B-21D913A8557A}.Debug|ARM64.ActiveCfg = Debug|Any CPU
		{83EAEC0B-5CAF-4767-841B-21D913A8557A}.Debug|ARM64.Build.0 = Debug|Any CPU
		{83EAEC0B-5CAF-4767-841B-21D913A8557A}.Debug|x64.ActiveCfg = Debug|x64
		{83EAEC0B-5CAF-4767-841B-21D913A8557A}.Debug|x64.Build.0 = Debug|x64
		{83EAEC0B-5CAF-4767-841B-21D913A8557A}.Debug|x86.ActiveCfg = Debug|x86
		{83EAEC0B-5CAF-4767-841B-21D913A8557A}.Debug|x86.Build.0 = Debug|x86
		{83EAEC0B-5CAF-4767-841B-21D913A8557A}.Release|Any CPU.ActiveCfg = Release|Any CPU
		{83EAEC0B-5CAF-4767-841B-21D913A8557A}.Release|Any CPU.Build.0 = Release|Any CPU
		{83EAEC0B-5CAF-4767-841B-21D913A8557A}.Release|ARM.ActiveCfg = Release|Any CPU
		{83EAEC0B-5CAF-4767-841B-21D913A8557A}.Release|ARM.Build.0 = Release|Any CPU
		{83EAEC0B-5CAF-4767-841B-21D913A8557A}.Release|ARM64.ActiveCfg = Release|Any CPU
		{83EAEC0B-5CAF-4767-841B-21D913A8557A}.Release|ARM64.Build.0 = Release|Any CPU
		{83EAEC0B-5CAF-4767-841B-21D913A8557A}.Release|x64.ActiveCfg = Release|x64
		{83EAEC0B-5CAF-4767-841B-21D913A8557A}.Release|x64.Build.0 = Release|x64
		{83EAEC0B-5CAF-4767-841B-21D913A8557A}.Release|x86.ActiveCfg = Release|x86
		{83EAEC0B-5CAF-4767-841B-21D913A8557A}.Release|x86.Build.0 = Release|x86
		{49EF2066-441D-44AF-B34F-5158781C7048}.Debug|Any CPU.ActiveCfg = Debug|Any CPU
		{49EF2066-441D-44AF-B34F-5158781C7048}.Debug|Any CPU.Build.0 = Debug|Any CPU
		{49EF2066-441D-44AF-B34F-5158781C7048}.Debug|ARM.ActiveCfg = Debug|Any CPU
		{49EF2066-441D-44AF-B34F-5158781C7048}.Debug|ARM.Build.0 = Debug|Any CPU
		{49EF2066-441D-44AF-B34F-5158781C7048}.Debug|ARM64.ActiveCfg = Debug|Any CPU
		{49EF2066-441D-44AF-B34F-5158781C7048}.Debug|ARM64.Build.0 = Debug|Any CPU
		{49EF2066-441D-44AF-B34F-5158781C7048}.Debug|x64.ActiveCfg = Debug|x64
		{49EF2066-441D-44AF-B34F-5158781C7048}.Debug|x64.Build.0 = Debug|x64
		{49EF2066-441D-44AF-B34F-5158781C7048}.Debug|x86.ActiveCfg = Debug|x86
		{49EF2066-441D-44AF-B34F-5158781C7048}.Debug|x86.Build.0 = Debug|x86
		{49EF2066-441D-44AF-B34F-5158781C7048}.Release|Any CPU.ActiveCfg = Release|Any CPU
		{49EF2066-441D-44AF-B34F-5158781C7048}.Release|Any CPU.Build.0 = Release|Any CPU
		{49EF2066-441D-44AF-B34F-5158781C7048}.Release|ARM.ActiveCfg = Release|Any CPU
		{49EF2066-441D-44AF-B34F-5158781C7048}.Release|ARM.Build.0 = Release|Any CPU
		{49EF2066-441D-44AF-B34F-5158781C7048}.Release|ARM64.ActiveCfg = Release|Any CPU
		{49EF2066-441D-44AF-B34F-5158781C7048}.Release|ARM64.Build.0 = Release|Any CPU
		{49EF2066-441D-44AF-B34F-5158781C7048}.Release|x64.ActiveCfg = Release|x64
		{49EF2066-441D-44AF-B34F-5158781C7048}.Release|x64.Build.0 = Release|x64
		{49EF2066-441D-44AF-B34F-5158781C7048}.Release|x86.ActiveCfg = Release|x86
		{49EF2066-441D-44AF-B34F-5158781C7048}.Release|x86.Build.0 = Release|x86
		{51F46B2F-2338-48C0-8FC0-56771BB524E9}.Debug|Any CPU.ActiveCfg = Debug|Any CPU
		{51F46B2F-2338-48C0-8FC0-56771BB524E9}.Debug|Any CPU.Build.0 = Debug|Any CPU
		{51F46B2F-2338-48C0-8FC0-56771BB524E9}.Debug|Any CPU.Deploy.0 = Debug|Any CPU
		{51F46B2F-2338-48C0-8FC0-56771BB524E9}.Debug|ARM.ActiveCfg = Debug|ARM
		{51F46B2F-2338-48C0-8FC0-56771BB524E9}.Debug|ARM.Build.0 = Debug|ARM
		{51F46B2F-2338-48C0-8FC0-56771BB524E9}.Debug|ARM.Deploy.0 = Debug|ARM
		{51F46B2F-2338-48C0-8FC0-56771BB524E9}.Debug|ARM64.ActiveCfg = Debug|ARM64
		{51F46B2F-2338-48C0-8FC0-56771BB524E9}.Debug|ARM64.Build.0 = Debug|ARM64
		{51F46B2F-2338-48C0-8FC0-56771BB524E9}.Debug|ARM64.Deploy.0 = Debug|ARM64
		{51F46B2F-2338-48C0-8FC0-56771BB524E9}.Debug|x64.ActiveCfg = Debug|x64
		{51F46B2F-2338-48C0-8FC0-56771BB524E9}.Debug|x64.Build.0 = Debug|x64
		{51F46B2F-2338-48C0-8FC0-56771BB524E9}.Debug|x64.Deploy.0 = Debug|x64
		{51F46B2F-2338-48C0-8FC0-56771BB524E9}.Debug|x86.ActiveCfg = Debug|x86
		{51F46B2F-2338-48C0-8FC0-56771BB524E9}.Debug|x86.Build.0 = Debug|x86
		{51F46B2F-2338-48C0-8FC0-56771BB524E9}.Debug|x86.Deploy.0 = Debug|x86
		{51F46B2F-2338-48C0-8FC0-56771BB524E9}.Release|Any CPU.ActiveCfg = Release|Any CPU
		{51F46B2F-2338-48C0-8FC0-56771BB524E9}.Release|Any CPU.Build.0 = Release|Any CPU
		{51F46B2F-2338-48C0-8FC0-56771BB524E9}.Release|Any CPU.Deploy.0 = Release|Any CPU
		{51F46B2F-2338-48C0-8FC0-56771BB524E9}.Release|ARM.ActiveCfg = Release|ARM
		{51F46B2F-2338-48C0-8FC0-56771BB524E9}.Release|ARM.Build.0 = Release|ARM
		{51F46B2F-2338-48C0-8FC0-56771BB524E9}.Release|ARM.Deploy.0 = Release|ARM
		{51F46B2F-2338-48C0-8FC0-56771BB524E9}.Release|ARM64.ActiveCfg = Release|ARM64
		{51F46B2F-2338-48C0-8FC0-56771BB524E9}.Release|ARM64.Build.0 = Release|ARM64
		{51F46B2F-2338-48C0-8FC0-56771BB524E9}.Release|ARM64.Deploy.0 = Release|ARM64
		{51F46B2F-2338-48C0-8FC0-56771BB524E9}.Release|x64.ActiveCfg = Release|x64
		{51F46B2F-2338-48C0-8FC0-56771BB524E9}.Release|x64.Build.0 = Release|x64
		{51F46B2F-2338-48C0-8FC0-56771BB524E9}.Release|x64.Deploy.0 = Release|x64
		{51F46B2F-2338-48C0-8FC0-56771BB524E9}.Release|x86.ActiveCfg = Release|x86
		{51F46B2F-2338-48C0-8FC0-56771BB524E9}.Release|x86.Build.0 = Release|x86
		{51F46B2F-2338-48C0-8FC0-56771BB524E9}.Release|x86.Deploy.0 = Release|x86
		{B30EB319-0BA7-457D-80D1-5B5BB0A8D6A6}.Debug|Any CPU.ActiveCfg = Debug|Any CPU
		{B30EB319-0BA7-457D-80D1-5B5BB0A8D6A6}.Debug|Any CPU.Build.0 = Debug|Any CPU
		{B30EB319-0BA7-457D-80D1-5B5BB0A8D6A6}.Debug|Any CPU.Deploy.0 = Debug|Any CPU
		{B30EB319-0BA7-457D-80D1-5B5BB0A8D6A6}.Debug|ARM.ActiveCfg = Debug|ARM
		{B30EB319-0BA7-457D-80D1-5B5BB0A8D6A6}.Debug|ARM.Build.0 = Debug|ARM
		{B30EB319-0BA7-457D-80D1-5B5BB0A8D6A6}.Debug|ARM.Deploy.0 = Debug|ARM
		{B30EB319-0BA7-457D-80D1-5B5BB0A8D6A6}.Debug|ARM64.ActiveCfg = Debug|ARM64
		{B30EB319-0BA7-457D-80D1-5B5BB0A8D6A6}.Debug|ARM64.Build.0 = Debug|ARM64
		{B30EB319-0BA7-457D-80D1-5B5BB0A8D6A6}.Debug|ARM64.Deploy.0 = Debug|ARM64
		{B30EB319-0BA7-457D-80D1-5B5BB0A8D6A6}.Debug|x64.ActiveCfg = Debug|x64
		{B30EB319-0BA7-457D-80D1-5B5BB0A8D6A6}.Debug|x64.Build.0 = Debug|x64
		{B30EB319-0BA7-457D-80D1-5B5BB0A8D6A6}.Debug|x64.Deploy.0 = Debug|x64
		{B30EB319-0BA7-457D-80D1-5B5BB0A8D6A6}.Debug|x86.ActiveCfg = Debug|x86
		{B30EB319-0BA7-457D-80D1-5B5BB0A8D6A6}.Debug|x86.Build.0 = Debug|x86
		{B30EB319-0BA7-457D-80D1-5B5BB0A8D6A6}.Debug|x86.Deploy.0 = Debug|x86
		{B30EB319-0BA7-457D-80D1-5B5BB0A8D6A6}.Release|Any CPU.ActiveCfg = Release|Any CPU
		{B30EB319-0BA7-457D-80D1-5B5BB0A8D6A6}.Release|Any CPU.Build.0 = Release|Any CPU
		{B30EB319-0BA7-457D-80D1-5B5BB0A8D6A6}.Release|Any CPU.Deploy.0 = Release|Any CPU
		{B30EB319-0BA7-457D-80D1-5B5BB0A8D6A6}.Release|ARM.ActiveCfg = Release|ARM
		{B30EB319-0BA7-457D-80D1-5B5BB0A8D6A6}.Release|ARM.Build.0 = Release|ARM
		{B30EB319-0BA7-457D-80D1-5B5BB0A8D6A6}.Release|ARM.Deploy.0 = Release|ARM
		{B30EB319-0BA7-457D-80D1-5B5BB0A8D6A6}.Release|ARM64.ActiveCfg = Release|ARM64
		{B30EB319-0BA7-457D-80D1-5B5BB0A8D6A6}.Release|ARM64.Build.0 = Release|ARM64
		{B30EB319-0BA7-457D-80D1-5B5BB0A8D6A6}.Release|ARM64.Deploy.0 = Release|ARM64
		{B30EB319-0BA7-457D-80D1-5B5BB0A8D6A6}.Release|x64.ActiveCfg = Release|x64
		{B30EB319-0BA7-457D-80D1-5B5BB0A8D6A6}.Release|x64.Build.0 = Release|x64
		{B30EB319-0BA7-457D-80D1-5B5BB0A8D6A6}.Release|x64.Deploy.0 = Release|x64
		{B30EB319-0BA7-457D-80D1-5B5BB0A8D6A6}.Release|x86.ActiveCfg = Release|x86
		{B30EB319-0BA7-457D-80D1-5B5BB0A8D6A6}.Release|x86.Build.0 = Release|x86
		{B30EB319-0BA7-457D-80D1-5B5BB0A8D6A6}.Release|x86.Deploy.0 = Release|x86
		{E4B075CA-EC11-4A18-BD37-994D78C78F26}.Debug|Any CPU.ActiveCfg = Debug|Any CPU
		{E4B075CA-EC11-4A18-BD37-994D78C78F26}.Debug|Any CPU.Build.0 = Debug|Any CPU
		{E4B075CA-EC11-4A18-BD37-994D78C78F26}.Debug|ARM.ActiveCfg = Debug|Any CPU
		{E4B075CA-EC11-4A18-BD37-994D78C78F26}.Debug|ARM.Build.0 = Debug|Any CPU
		{E4B075CA-EC11-4A18-BD37-994D78C78F26}.Debug|ARM64.ActiveCfg = Debug|Any CPU
		{E4B075CA-EC11-4A18-BD37-994D78C78F26}.Debug|ARM64.Build.0 = Debug|Any CPU
		{E4B075CA-EC11-4A18-BD37-994D78C78F26}.Debug|x64.ActiveCfg = Debug|Any CPU
		{E4B075CA-EC11-4A18-BD37-994D78C78F26}.Debug|x64.Build.0 = Debug|Any CPU
		{E4B075CA-EC11-4A18-BD37-994D78C78F26}.Debug|x86.ActiveCfg = Debug|Any CPU
		{E4B075CA-EC11-4A18-BD37-994D78C78F26}.Debug|x86.Build.0 = Debug|Any CPU
		{E4B075CA-EC11-4A18-BD37-994D78C78F26}.Release|Any CPU.ActiveCfg = Release|Any CPU
		{E4B075CA-EC11-4A18-BD37-994D78C78F26}.Release|Any CPU.Build.0 = Release|Any CPU
		{E4B075CA-EC11-4A18-BD37-994D78C78F26}.Release|ARM.ActiveCfg = Release|Any CPU
		{E4B075CA-EC11-4A18-BD37-994D78C78F26}.Release|ARM.Build.0 = Release|Any CPU
		{E4B075CA-EC11-4A18-BD37-994D78C78F26}.Release|ARM64.ActiveCfg = Release|Any CPU
		{E4B075CA-EC11-4A18-BD37-994D78C78F26}.Release|ARM64.Build.0 = Release|Any CPU
		{E4B075CA-EC11-4A18-BD37-994D78C78F26}.Release|x64.ActiveCfg = Release|Any CPU
		{E4B075CA-EC11-4A18-BD37-994D78C78F26}.Release|x64.Build.0 = Release|Any CPU
		{E4B075CA-EC11-4A18-BD37-994D78C78F26}.Release|x86.ActiveCfg = Release|Any CPU
		{E4B075CA-EC11-4A18-BD37-994D78C78F26}.Release|x86.Build.0 = Release|Any CPU
	EndGlobalSection
	GlobalSection(SolutionProperties) = preSolution
		HideSolutionNode = FALSE
	EndGlobalSection
	GlobalSection(ExtensibilityGlobals) = postSolution
		SolutionGuid = {6998EAD5-54B7-4C45-957C-C0E56FCB77BE}
	EndGlobalSection
EndGlobal
