
Microsoft Visual Studio Solution File, Format Version 12.00
# Visual Studio Version 17
VisualStudioVersion = 17.2.32519.379
MinimumVisualStudioVersion = 10.0.40219.1
Project("{FAE04EC0-301F-11D3-BF4B-00C04F79EFBC}") = "WPFDesktopUI", "WPFDesktopUI\WPFDesktopUI.csproj", "{C75264BD-5136-4FB1-8857-44AC126EF9E4}"
EndProject
Project("{FAE04EC0-301F-11D3-BF4B-00C04F79EFBC}") = "QBConnect", "QBConnect\QBConnect.csproj", "{370F8889-4815-4BC4-ADBF-BF305A4A41A3}"
EndProject
Project("{FAE04EC0-301F-11D3-BF4B-00C04F79EFBC}") = "MCBusinessLogic", "MCBusinessLogic\MCBusinessLogic.csproj", "{83EAEC0B-5CAF-4767-841B-21D913A8557A}"
	ProjectSection(ProjectDependencies) = postProject
		{370F8889-4815-4BC4-ADBF-BF305A4A41A3} = {370F8889-4815-4BC4-ADBF-BF305A4A41A3}
	EndProjectSection
EndProject
Project("{FAE04EC0-301F-11D3-BF4B-00C04F79EFBC}") = "MCBusinessLogic.UnitTests", "MCBusinessLogic.UnitTests\MCBusinessLogic.UnitTests.csproj", "{49EF2066-441D-44AF-B34F-5158781C7048}"
EndProject
Project("{C7167F0D-BC9F-4E6E-AFE1-012C56B48DB5}") = "Msix Installer", "Msix Installer\Msix Installer.wapproj", "{51F46B2F-2338-48C0-8FC0-56771BB524E9}"
EndProject
Project("{FAE04EC0-301F-11D3-BF4B-00C04F79EFBC}") = "WPFDesktopUI.UnitTests", "WPFDesktopUI.UnitTests\WPFDesktopUI.UnitTests.csproj", "{E4B075CA-EC11-4A18-BD37-994D78C78F26}"
EndProject
Project("{FAE04EC0-301F-11D3-BF4B-00C04F79EFBC}") = "QBConnect.UnitTests", "QBConnect.UnitTests\QBConnect.UnitTests.csproj", "{CD9B7C42-D8CB-4D8E-A012-244950AC84F6}"
EndProject
Project("{C7167F0D-BC9F-4E6E-AFE1-012C56B48DB5}") = "Installer Build 16299", "Installer Build 16299\Installer Build 16299.wapproj", "{1E8CDD16-D071-4073-AE6F-C9E712CBE6D9}"
EndProject
Project("{2150E333-8FDC-42A3-9474-1A3956D46DE8}") = "PluginProjects", "PluginProjects", "{01FD082C-E0F2-4673-A41B-79B0EEB46AEB}"
EndProject
Project("{FAE04EC0-301F-11D3-BF4B-00C04F79EFBC}") = "StaffNamePreprocessor", "PluginProjects\StaffNamePreprocessor\StaffNamePreprocessor.csproj", "{7383E26D-6E26-4117-B328-6D2E126CFF1D}"
EndProject
Project("{FAE04EC0-301F-11D3-BF4B-00C04F79EFBC}") = "InterfaceLibraries", "PluginProjects\InterfaceLibraries\InterfaceLibraries.csproj", "{3EC19AE5-CF3C-4B18-A79B-3EA38B073C02}"
EndProject
Project("{FAE04EC0-301F-11D3-BF4B-00C04F79EFBC}") = "WeekendFinder", "PluginProjects\WeekendFinder\WeekendFinder.csproj", "{19A1F16D-4FE1-42C9-88BD-057E0FD3062F}"
EndProject
Project("{FAE04EC0-301F-11D3-BF4B-00C04F79EFBC}") = "OvernightSeparator", "PluginProjects\OvernightSeparator\OvernightSeparator.csproj", "{AC50C613-435D-43FE-A63E-41C71E41DD88}"
EndProject
Project("{FAE04EC0-301F-11D3-BF4B-00C04F79EFBC}") = "TimeInOut", "PluginProjects\TimeInOut\TimeInOut.csproj", "{A5EC9955-6028-4BE1-B217-FC9B00862A69}"
EndProject
Project("{FAE04EC0-301F-11D3-BF4B-00C04F79EFBC}") = "SumQuantityToFob", "PluginProjects\SumQuantityToFob\SumQuantityToFob.csproj", "{17141B38-E9EF-4478-86F0-A4B66C56E191}"
EndProject
Global
	GlobalSection(SolutionConfigurationPlatforms) = preSolution
		Debug|Any CPU = Debug|Any CPU
		Debug|ARM = Debug|ARM
		Debug|ARM64 = Debug|ARM64
		Debug|x64 = Debug|x64
		Debug|x86 = Debug|x86
		Release|Any CPU = Release|Any CPU
		Release|ARM = Release|ARM
		Release|ARM64 = Release|ARM64
		Release|x64 = Release|x64
		Release|x86 = Release|x86
	EndGlobalSection
	GlobalSection(ProjectConfigurationPlatforms) = postSolution
		{C75264BD-5136-4FB1-8857-44AC126EF9E4}.Debug|Any CPU.ActiveCfg = Debug|Any CPU
		{C75264BD-5136-4FB1-8857-44AC126EF9E4}.Debug|Any CPU.Build.0 = Debug|Any CPU
		{C75264BD-5136-4FB1-8857-44AC126EF9E4}.Debug|ARM.ActiveCfg = Debug|Any CPU
		{C75264BD-5136-4FB1-8857-44AC126EF9E4}.Debug|ARM.Build.0 = Debug|Any CPU
		{C75264BD-5136-4FB1-8857-44AC126EF9E4}.Debug|ARM64.ActiveCfg = Debug|Any CPU
		{C75264BD-5136-4FB1-8857-44AC126EF9E4}.Debug|ARM64.Build.0 = Debug|Any CPU
		{C75264BD-5136-4FB1-8857-44AC126EF9E4}.Debug|x64.ActiveCfg = Debug|x64
		{C75264BD-5136-4FB1-8857-44AC126EF9E4}.Debug|x64.Build.0 = Debug|x64
		{C75264BD-5136-4FB1-8857-44AC126EF9E4}.Debug|x86.ActiveCfg = Debug|x86
		{C75264BD-5136-4FB1-8857-44AC126EF9E4}.Debug|x86.Build.0 = Debug|x86
		{C75264BD-5136-4FB1-8857-44AC126EF9E4}.Release|Any CPU.ActiveCfg = Release|Any CPU
		{C75264BD-5136-4FB1-8857-44AC126EF9E4}.Release|Any CPU.Build.0 = Release|Any CPU
		{C75264BD-5136-4FB1-8857-44AC126EF9E4}.Release|ARM.ActiveCfg = Release|Any CPU
		{C75264BD-5136-4FB1-8857-44AC126EF9E4}.Release|ARM.Build.0 = Release|Any CPU
		{C75264BD-5136-4FB1-8857-44AC126EF9E4}.Release|ARM64.ActiveCfg = Release|Any CPU
		{C75264BD-5136-4FB1-8857-44AC126EF9E4}.Release|ARM64.Build.0 = Release|Any CPU
		{C75264BD-5136-4FB1-8857-44AC126EF9E4}.Release|x64.ActiveCfg = Release|x64
		{C75264BD-5136-4FB1-8857-44AC126EF9E4}.Release|x64.Build.0 = Release|x64
		{C75264BD-5136-4FB1-8857-44AC126EF9E4}.Release|x86.ActiveCfg = Release|x86
		{C75264BD-5136-4FB1-8857-44AC126EF9E4}.Release|x86.Build.0 = Release|x86
		{370F8889-4815-4BC4-ADBF-BF305A4A41A3}.Debug|Any CPU.ActiveCfg = Debug|Any CPU
		{370F8889-4815-4BC4-ADBF-BF305A4A41A3}.Debug|Any CPU.Build.0 = Debug|Any CPU
		{370F8889-4815-4BC4-ADBF-BF305A4A41A3}.Debug|ARM.ActiveCfg = Debug|Any CPU
		{370F8889-4815-4BC4-ADBF-BF305A4A41A3}.Debug|ARM.Build.0 = Debug|Any CPU
		{370F8889-4815-4BC4-ADBF-BF305A4A41A3}.Debug|ARM64.ActiveCfg = Debug|Any CPU
		{370F8889-4815-4BC4-ADBF-BF305A4A41A3}.Debug|ARM64.Build.0 = Debug|Any CPU
		{370F8889-4815-4BC4-ADBF-BF305A4A41A3}.Debug|x64.ActiveCfg = Debug|x64
		{370F8889-4815-4BC4-ADBF-BF305A4A41A3}.Debug|x64.Build.0 = Debug|x64
		{370F8889-4815-4BC4-ADBF-BF305A4A41A3}.Debug|x86.ActiveCfg = Debug|x86
		{370F8889-4815-4BC4-ADBF-BF305A4A41A3}.Debug|x86.Build.0 = Debug|x86
		{370F8889-4815-4BC4-ADBF-BF305A4A41A3}.Release|Any CPU.ActiveCfg = Release|Any CPU
		{370F8889-4815-4BC4-ADBF-BF305A4A41A3}.Release|Any CPU.Build.0 = Release|Any CPU
		{370F8889-4815-4BC4-ADBF-BF305A4A41A3}.Release|ARM.ActiveCfg = Release|Any CPU
		{370F8889-4815-4BC4-ADBF-BF305A4A41A3}.Release|ARM.Build.0 = Release|Any CPU
		{370F8889-4815-4BC4-ADBF-BF305A4A41A3}.Release|ARM64.ActiveCfg = Release|Any CPU
		{370F8889-4815-4BC4-ADBF-BF305A4A41A3}.Release|ARM64.Build.0 = Release|Any CPU
		{370F8889-4815-4BC4-ADBF-BF305A4A41A3}.Release|x64.ActiveCfg = Release|x64
		{370F8889-4815-4BC4-ADBF-BF305A4A41A3}.Release|x64.Build.0 = Release|x64
		{370F8889-4815-4BC4-ADBF-BF305A4A41A3}.Release|x86.ActiveCfg = Release|x86
		{370F8889-4815-4BC4-ADBF-BF305A4A41A3}.Release|x86.Build.0 = Release|x86
		{83EAEC0B-5CAF-4767-841B-21D913A8557A}.Debug|Any CPU.ActiveCfg = Debug|Any CPU
		{83EAEC0B-5CAF-4767-841B-21D913A8557A}.Debug|Any CPU.Build.0 = Debug|Any CPU
		{83EAEC0B-5CAF-4767-841B-21D913A8557A}.Debug|ARM.ActiveCfg = Debug|Any CPU
		{83EAEC0B-5CAF-4767-841B-21D913A8557A}.Debug|ARM.Build.0 = Debug|Any CPU
		{83EAEC0B-5CAF-4767-841B-21D913A8557A}.Debug|ARM64.ActiveCfg = Debug|Any CPU
		{83EAEC0B-5CAF-4767-841B-21D913A8557A}.Debug|ARM64.Build.0 = Debug|Any CPU
		{83EAEC0B-5CAF-4767-841B-21D913A8557A}.Debug|x64.ActiveCfg = Debug|x64
		{83EAEC0B-5CAF-4767-841B-21D913A8557A}.Debug|x64.Build.0 = Debug|x64
		{83EAEC0B-5CAF-4767-841B-21D913A8557A}.Debug|x86.ActiveCfg = Debug|x86
		{83EAEC0B-5CAF-4767-841B-21D913A8557A}.Debug|x86.Build.0 = Debug|x86
		{83EAEC0B-5CAF-4767-841B-21D913A8557A}.Release|Any CPU.ActiveCfg = Release|Any CPU
		{83EAEC0B-5CAF-4767-841B-21D913A8557A}.Release|Any CPU.Build.0 = Release|Any CPU
		{83EAEC0B-5CAF-4767-841B-21D913A8557A}.Release|ARM.ActiveCfg = Release|Any CPU
		{83EAEC0B-5CAF-4767-841B-21D913A8557A}.Release|ARM.Build.0 = Release|Any CPU
		{83EAEC0B-5CAF-4767-841B-21D913A8557A}.Release|ARM64.ActiveCfg = Release|Any CPU
		{83EAEC0B-5CAF-4767-841B-21D913A8557A}.Release|ARM64.Build.0 = Release|Any CPU
		{83EAEC0B-5CAF-4767-841B-21D913A8557A}.Release|x64.ActiveCfg = Release|x64
		{83EAEC0B-5CAF-4767-841B-21D913A8557A}.Release|x64.Build.0 = Release|x64
		{83EAEC0B-5CAF-4767-841B-21D913A8557A}.Release|x86.ActiveCfg = Release|x86
		{83EAEC0B-5CAF-4767-841B-21D913A8557A}.Release|x86.Build.0 = Release|x86
		{49EF2066-441D-44AF-B34F-5158781C7048}.Debug|Any CPU.ActiveCfg = Debug|Any CPU
		{49EF2066-441D-44AF-B34F-5158781C7048}.Debug|Any CPU.Build.0 = Debug|Any CPU
		{49EF2066-441D-44AF-B34F-5158781C7048}.Debug|ARM.ActiveCfg = Debug|Any CPU
		{49EF2066-441D-44AF-B34F-5158781C7048}.Debug|ARM.Build.0 = Debug|Any CPU
		{49EF2066-441D-44AF-B34F-5158781C7048}.Debug|ARM64.ActiveCfg = Debug|Any CPU
		{49EF2066-441D-44AF-B34F-5158781C7048}.Debug|ARM64.Build.0 = Debug|Any CPU
		{49EF2066-441D-44AF-B34F-5158781C7048}.Debug|x64.ActiveCfg = Debug|x64
		{49EF2066-441D-44AF-B34F-5158781C7048}.Debug|x64.Build.0 = Debug|x64
		{49EF2066-441D-44AF-B34F-5158781C7048}.Debug|x86.ActiveCfg = Debug|x86
		{49EF2066-441D-44AF-B34F-5158781C7048}.Debug|x86.Build.0 = Debug|x86
		{49EF2066-441D-44AF-B34F-5158781C7048}.Release|Any CPU.ActiveCfg = Release|Any CPU
		{49EF2066-441D-44AF-B34F-5158781C7048}.Release|Any CPU.Build.0 = Release|Any CPU
		{49EF2066-441D-44AF-B34F-5158781C7048}.Release|ARM.ActiveCfg = Release|Any CPU
		{49EF2066-441D-44AF-B34F-5158781C7048}.Release|ARM.Build.0 = Release|Any CPU
		{49EF2066-441D-44AF-B34F-5158781C7048}.Release|ARM64.ActiveCfg = Release|Any CPU
		{49EF2066-441D-44AF-B34F-5158781C7048}.Release|ARM64.Build.0 = Release|Any CPU
		{49EF2066-441D-44AF-B34F-5158781C7048}.Release|x64.ActiveCfg = Release|x64
		{49EF2066-441D-44AF-B34F-5158781C7048}.Release|x64.Build.0 = Release|x64
		{49EF2066-441D-44AF-B34F-5158781C7048}.Release|x86.ActiveCfg = Release|x86
		{49EF2066-441D-44AF-B34F-5158781C7048}.Release|x86.Build.0 = Release|x86
		{51F46B2F-2338-48C0-8FC0-56771BB524E9}.Debug|Any CPU.ActiveCfg = Debug|Any CPU
		{51F46B2F-2338-48C0-8FC0-56771BB524E9}.Debug|Any CPU.Build.0 = Debug|Any CPU
		{51F46B2F-2338-48C0-8FC0-56771BB524E9}.Debug|Any CPU.Deploy.0 = Debug|Any CPU
		{51F46B2F-2338-48C0-8FC0-56771BB524E9}.Debug|ARM.ActiveCfg = Debug|ARM
		{51F46B2F-2338-48C0-8FC0-56771BB524E9}.Debug|ARM.Build.0 = Debug|ARM
		{51F46B2F-2338-48C0-8FC0-56771BB524E9}.Debug|ARM.Deploy.0 = Debug|ARM
		{51F46B2F-2338-48C0-8FC0-56771BB524E9}.Debug|ARM64.ActiveCfg = Debug|ARM64
		{51F46B2F-2338-48C0-8FC0-56771BB524E9}.Debug|ARM64.Build.0 = Debug|ARM64
		{51F46B2F-2338-48C0-8FC0-56771BB524E9}.Debug|ARM64.Deploy.0 = Debug|ARM64
		{51F46B2F-2338-48C0-8FC0-56771BB524E9}.Debug|x64.ActiveCfg = Debug|x64
		{51F46B2F-2338-48C0-8FC0-56771BB524E9}.Debug|x64.Build.0 = Debug|x64
		{51F46B2F-2338-48C0-8FC0-56771BB524E9}.Debug|x64.Deploy.0 = Debug|x64
		{51F46B2F-2338-48C0-8FC0-56771BB524E9}.Debug|x86.ActiveCfg = Debug|x86
		{51F46B2F-2338-48C0-8FC0-56771BB524E9}.Debug|x86.Build.0 = Debug|x86
		{51F46B2F-2338-48C0-8FC0-56771BB524E9}.Debug|x86.Deploy.0 = Debug|x86
		{51F46B2F-2338-48C0-8FC0-56771BB524E9}.Release|Any CPU.ActiveCfg = Release|Any CPU
		{51F46B2F-2338-48C0-8FC0-56771BB524E9}.Release|Any CPU.Build.0 = Release|Any CPU
		{51F46B2F-2338-48C0-8FC0-56771BB524E9}.Release|Any CPU.Deploy.0 = Release|Any CPU
		{51F46B2F-2338-48C0-8FC0-56771BB524E9}.Release|ARM.ActiveCfg = Release|ARM
		{51F46B2F-2338-48C0-8FC0-56771BB524E9}.Release|ARM.Build.0 = Release|ARM
		{51F46B2F-2338-48C0-8FC0-56771BB524E9}.Release|ARM.Deploy.0 = Release|ARM
		{51F46B2F-2338-48C0-8FC0-56771BB524E9}.Release|ARM64.ActiveCfg = Release|ARM64
		{51F46B2F-2338-48C0-8FC0-56771BB524E9}.Release|ARM64.Build.0 = Release|ARM64
		{51F46B2F-2338-48C0-8FC0-56771BB524E9}.Release|ARM64.Deploy.0 = Release|ARM64
		{51F46B2F-2338-48C0-8FC0-56771BB524E9}.Release|x64.ActiveCfg = Release|x64
		{51F46B2F-2338-48C0-8FC0-56771BB524E9}.Release|x64.Build.0 = Release|x64
		{51F46B2F-2338-48C0-8FC0-56771BB524E9}.Release|x64.Deploy.0 = Release|x64
		{51F46B2F-2338-48C0-8FC0-56771BB524E9}.Release|x86.ActiveCfg = Release|x86
		{51F46B2F-2338-48C0-8FC0-56771BB524E9}.Release|x86.Build.0 = Release|x86
		{51F46B2F-2338-48C0-8FC0-56771BB524E9}.Release|x86.Deploy.0 = Release|x86
		{E4B075CA-EC11-4A18-BD37-994D78C78F26}.Debug|Any CPU.ActiveCfg = Debug|Any CPU
		{E4B075CA-EC11-4A18-BD37-994D78C78F26}.Debug|Any CPU.Build.0 = Debug|Any CPU
		{E4B075CA-EC11-4A18-BD37-994D78C78F26}.Debug|ARM.ActiveCfg = Debug|Any CPU
		{E4B075CA-EC11-4A18-BD37-994D78C78F26}.Debug|ARM.Build.0 = Debug|Any CPU
		{E4B075CA-EC11-4A18-BD37-994D78C78F26}.Debug|ARM64.ActiveCfg = Debug|Any CPU
		{E4B075CA-EC11-4A18-BD37-994D78C78F26}.Debug|ARM64.Build.0 = Debug|Any CPU
		{E4B075CA-EC11-4A18-BD37-994D78C78F26}.Debug|x64.ActiveCfg = Debug|Any CPU
		{E4B075CA-EC11-4A18-BD37-994D78C78F26}.Debug|x64.Build.0 = Debug|Any CPU
		{E4B075CA-EC11-4A18-BD37-994D78C78F26}.Debug|x86.ActiveCfg = Debug|x86
		{E4B075CA-EC11-4A18-BD37-994D78C78F26}.Debug|x86.Build.0 = Debug|x86
		{E4B075CA-EC11-4A18-BD37-994D78C78F26}.Release|Any CPU.ActiveCfg = Release|Any CPU
		{E4B075CA-EC11-4A18-BD37-994D78C78F26}.Release|Any CPU.Build.0 = Release|Any CPU
		{E4B075CA-EC11-4A18-BD37-994D78C78F26}.Release|ARM.ActiveCfg = Release|Any CPU
		{E4B075CA-EC11-4A18-BD37-994D78C78F26}.Release|ARM.Build.0 = Release|Any CPU
		{E4B075CA-EC11-4A18-BD37-994D78C78F26}.Release|ARM64.ActiveCfg = Release|Any CPU
		{E4B075CA-EC11-4A18-BD37-994D78C78F26}.Release|ARM64.Build.0 = Release|Any CPU
		{E4B075CA-EC11-4A18-BD37-994D78C78F26}.Release|x64.ActiveCfg = Release|Any CPU
		{E4B075CA-EC11-4A18-BD37-994D78C78F26}.Release|x64.Build.0 = Release|Any CPU
		{E4B075CA-EC11-4A18-BD37-994D78C78F26}.Release|x86.ActiveCfg = Release|x86
		{E4B075CA-EC11-4A18-BD37-994D78C78F26}.Release|x86.Build.0 = Release|x86
		{CD9B7C42-D8CB-4D8E-A012-244950AC84F6}.Debug|Any CPU.ActiveCfg = Debug|Any CPU
		{CD9B7C42-D8CB-4D8E-A012-244950AC84F6}.Debug|Any CPU.Build.0 = Debug|Any CPU
		{CD9B7C42-D8CB-4D8E-A012-244950AC84F6}.Debug|ARM.ActiveCfg = Debug|Any CPU
		{CD9B7C42-D8CB-4D8E-A012-244950AC84F6}.Debug|ARM.Build.0 = Debug|Any CPU
		{CD9B7C42-D8CB-4D8E-A012-244950AC84F6}.Debug|ARM64.ActiveCfg = Debug|Any CPU
		{CD9B7C42-D8CB-4D8E-A012-244950AC84F6}.Debug|ARM64.Build.0 = Debug|Any CPU
		{CD9B7C42-D8CB-4D8E-A012-244950AC84F6}.Debug|x64.ActiveCfg = Debug|Any CPU
		{CD9B7C42-D8CB-4D8E-A012-244950AC84F6}.Debug|x64.Build.0 = Debug|Any CPU
		{CD9B7C42-D8CB-4D8E-A012-244950AC84F6}.Debug|x86.ActiveCfg = Debug|x86
		{CD9B7C42-D8CB-4D8E-A012-244950AC84F6}.Debug|x86.Build.0 = Debug|x86
		{CD9B7C42-D8CB-4D8E-A012-244950AC84F6}.Release|Any CPU.ActiveCfg = Release|Any CPU
		{CD9B7C42-D8CB-4D8E-A012-244950AC84F6}.Release|Any CPU.Build.0 = Release|Any CPU
		{CD9B7C42-D8CB-4D8E-A012-244950AC84F6}.Release|ARM.ActiveCfg = Release|Any CPU
		{CD9B7C42-D8CB-4D8E-A012-244950AC84F6}.Release|ARM.Build.0 = Release|Any CPU
		{CD9B7C42-D8CB-4D8E-A012-244950AC84F6}.Release|ARM64.ActiveCfg = Release|Any CPU
		{CD9B7C42-D8CB-4D8E-A012-244950AC84F6}.Release|ARM64.Build.0 = Release|Any CPU
		{CD9B7C42-D8CB-4D8E-A012-244950AC84F6}.Release|x64.ActiveCfg = Release|Any CPU
		{CD9B7C42-D8CB-4D8E-A012-244950AC84F6}.Release|x64.Build.0 = Release|Any CPU
		{CD9B7C42-D8CB-4D8E-A012-244950AC84F6}.Release|x86.ActiveCfg = Release|x86
		{CD9B7C42-D8CB-4D8E-A012-244950AC84F6}.Release|x86.Build.0 = Release|x86
		{1E8CDD16-D071-4073-AE6F-C9E712CBE6D9}.Debug|Any CPU.ActiveCfg = Debug|Any CPU
		{1E8CDD16-D071-4073-AE6F-C9E712CBE6D9}.Debug|Any CPU.Build.0 = Debug|Any CPU
		{1E8CDD16-D071-4073-AE6F-C9E712CBE6D9}.Debug|Any CPU.Deploy.0 = Debug|Any CPU
		{1E8CDD16-D071-4073-AE6F-C9E712CBE6D9}.Debug|ARM.ActiveCfg = Debug|ARM
		{1E8CDD16-D071-4073-AE6F-C9E712CBE6D9}.Debug|ARM.Build.0 = Debug|ARM
		{1E8CDD16-D071-4073-AE6F-C9E712CBE6D9}.Debug|ARM.Deploy.0 = Debug|ARM
		{1E8CDD16-D071-4073-AE6F-C9E712CBE6D9}.Debug|ARM64.ActiveCfg = Debug|ARM64
		{1E8CDD16-D071-4073-AE6F-C9E712CBE6D9}.Debug|ARM64.Build.0 = Debug|ARM64
		{1E8CDD16-D071-4073-AE6F-C9E712CBE6D9}.Debug|ARM64.Deploy.0 = Debug|ARM64
		{1E8CDD16-D071-4073-AE6F-C9E712CBE6D9}.Debug|x64.ActiveCfg = Debug|x64
		{1E8CDD16-D071-4073-AE6F-C9E712CBE6D9}.Debug|x64.Build.0 = Debug|x64
		{1E8CDD16-D071-4073-AE6F-C9E712CBE6D9}.Debug|x64.Deploy.0 = Debug|x64
		{1E8CDD16-D071-4073-AE6F-C9E712CBE6D9}.Debug|x86.ActiveCfg = Debug|x86
		{1E8CDD16-D071-4073-AE6F-C9E712CBE6D9}.Debug|x86.Build.0 = Debug|x86
		{1E8CDD16-D071-4073-AE6F-C9E712CBE6D9}.Debug|x86.Deploy.0 = Debug|x86
		{1E8CDD16-D071-4073-AE6F-C9E712CBE6D9}.Release|Any CPU.ActiveCfg = Release|Any CPU
		{1E8CDD16-D071-4073-AE6F-C9E712CBE6D9}.Release|Any CPU.Build.0 = Release|Any CPU
		{1E8CDD16-D071-4073-AE6F-C9E712CBE6D9}.Release|Any CPU.Deploy.0 = Release|Any CPU
		{1E8CDD16-D071-4073-AE6F-C9E712CBE6D9}.Release|ARM.ActiveCfg = Release|ARM
		{1E8CDD16-D071-4073-AE6F-C9E712CBE6D9}.Release|ARM.Build.0 = Release|ARM
		{1E8CDD16-D071-4073-AE6F-C9E712CBE6D9}.Release|ARM.Deploy.0 = Release|ARM
		{1E8CDD16-D071-4073-AE6F-C9E712CBE6D9}.Release|ARM64.ActiveCfg = Release|ARM64
		{1E8CDD16-D071-4073-AE6F-C9E712CBE6D9}.Release|ARM64.Build.0 = Release|ARM64
		{1E8CDD16-D071-4073-AE6F-C9E712CBE6D9}.Release|ARM64.Deploy.0 = Release|ARM64
		{1E8CDD16-D071-4073-AE6F-C9E712CBE6D9}.Release|x64.ActiveCfg = Release|x64
		{1E8CDD16-D071-4073-AE6F-C9E712CBE6D9}.Release|x64.Build.0 = Release|x64
		{1E8CDD16-D071-4073-AE6F-C9E712CBE6D9}.Release|x64.Deploy.0 = Release|x64
		{1E8CDD16-D071-4073-AE6F-C9E712CBE6D9}.Release|x86.ActiveCfg = Release|x86
		{1E8CDD16-D071-4073-AE6F-C9E712CBE6D9}.Release|x86.Build.0 = Release|x86
		{1E8CDD16-D071-4073-AE6F-C9E712CBE6D9}.Release|x86.Deploy.0 = Release|x86
		{7383E26D-6E26-4117-B328-6D2E126CFF1D}.Debug|Any CPU.ActiveCfg = Debug|Any CPU
		{7383E26D-6E26-4117-B328-6D2E126CFF1D}.Debug|Any CPU.Build.0 = Debug|Any CPU
		{7383E26D-6E26-4117-B328-6D2E126CFF1D}.Debug|ARM.ActiveCfg = Debug|Any CPU
		{7383E26D-6E26-4117-B328-6D2E126CFF1D}.Debug|ARM.Build.0 = Debug|Any CPU
		{7383E26D-6E26-4117-B328-6D2E126CFF1D}.Debug|ARM64.ActiveCfg = Debug|Any CPU
		{7383E26D-6E26-4117-B328-6D2E126CFF1D}.Debug|ARM64.Build.0 = Debug|Any CPU
		{7383E26D-6E26-4117-B328-6D2E126CFF1D}.Debug|x64.ActiveCfg = Debug|Any CPU
		{7383E26D-6E26-4117-B328-6D2E126CFF1D}.Debug|x64.Build.0 = Debug|Any CPU
		{7383E26D-6E26-4117-B328-6D2E126CFF1D}.Debug|x86.ActiveCfg = Debug|x86
		{7383E26D-6E26-4117-B328-6D2E126CFF1D}.Debug|x86.Build.0 = Debug|x86
		{7383E26D-6E26-4117-B328-6D2E126CFF1D}.Release|Any CPU.ActiveCfg = Release|Any CPU
		{7383E26D-6E26-4117-B328-6D2E126CFF1D}.Release|Any CPU.Build.0 = Release|Any CPU
		{7383E26D-6E26-4117-B328-6D2E126CFF1D}.Release|ARM.ActiveCfg = Release|Any CPU
		{7383E26D-6E26-4117-B328-6D2E126CFF1D}.Release|ARM.Build.0 = Release|Any CPU
		{7383E26D-6E26-4117-B328-6D2E126CFF1D}.Release|ARM64.ActiveCfg = Release|Any CPU
		{7383E26D-6E26-4117-B328-6D2E126CFF1D}.Release|ARM64.Build.0 = Release|Any CPU
		{7383E26D-6E26-4117-B328-6D2E126CFF1D}.Release|x64.ActiveCfg = Release|Any CPU
		{7383E26D-6E26-4117-B328-6D2E126CFF1D}.Release|x64.Build.0 = Release|Any CPU
		{7383E26D-6E26-4117-B328-6D2E126CFF1D}.Release|x86.ActiveCfg = Release|x86
		{7383E26D-6E26-4117-B328-6D2E126CFF1D}.Release|x86.Build.0 = Release|x86
		{3EC19AE5-CF3C-4B18-A79B-3EA38B073C02}.Debug|Any CPU.ActiveCfg = Debug|Any CPU
		{3EC19AE5-CF3C-4B18-A79B-3EA38B073C02}.Debug|Any CPU.Build.0 = Debug|Any CPU
		{3EC19AE5-CF3C-4B18-A79B-3EA38B073C02}.Debug|ARM.ActiveCfg = Debug|Any CPU
		{3EC19AE5-CF3C-4B18-A79B-3EA38B073C02}.Debug|ARM.Build.0 = Debug|Any CPU
		{3EC19AE5-CF3C-4B18-A79B-3EA38B073C02}.Debug|ARM64.ActiveCfg = Debug|Any CPU
		{3EC19AE5-CF3C-4B18-A79B-3EA38B073C02}.Debug|ARM64.Build.0 = Debug|Any CPU
		{3EC19AE5-CF3C-4B18-A79B-3EA38B073C02}.Debug|x64.ActiveCfg = Debug|Any CPU
		{3EC19AE5-CF3C-4B18-A79B-3EA38B073C02}.Debug|x64.Build.0 = Debug|Any CPU
		{3EC19AE5-CF3C-4B18-A79B-3EA38B073C02}.Debug|x86.ActiveCfg = Debug|x86
		{3EC19AE5-CF3C-4B18-A79B-3EA38B073C02}.Debug|x86.Build.0 = Debug|x86
		{3EC19AE5-CF3C-4B18-A79B-3EA38B073C02}.Release|Any CPU.ActiveCfg = Release|Any CPU
		{3EC19AE5-CF3C-4B18-A79B-3EA38B073C02}.Release|Any CPU.Build.0 = Release|Any CPU
		{3EC19AE5-CF3C-4B18-A79B-3EA38B073C02}.Release|ARM.ActiveCfg = Release|Any CPU
		{3EC19AE5-CF3C-4B18-A79B-3EA38B073C02}.Release|ARM.Build.0 = Release|Any CPU
		{3EC19AE5-CF3C-4B18-A79B-3EA38B073C02}.Release|ARM64.ActiveCfg = Release|Any CPU
		{3EC19AE5-CF3C-4B18-A79B-3EA38B073C02}.Release|ARM64.Build.0 = Release|Any CPU
		{3EC19AE5-CF3C-4B18-A79B-3EA38B073C02}.Release|x64.ActiveCfg = Release|Any CPU
		{3EC19AE5-CF3C-4B18-A79B-3EA38B073C02}.Release|x64.Build.0 = Release|Any CPU
		{3EC19AE5-CF3C-4B18-A79B-3EA38B073C02}.Release|x86.ActiveCfg = Release|x86
		{3EC19AE5-CF3C-4B18-A79B-3EA38B073C02}.Release|x86.Build.0 = Release|x86
		{19A1F16D-4FE1-42C9-88BD-057E0FD3062F}.Debug|Any CPU.ActiveCfg = Debug|Any CPU
		{19A1F16D-4FE1-42C9-88BD-057E0FD3062F}.Debug|Any CPU.Build.0 = Debug|Any CPU
		{19A1F16D-4FE1-42C9-88BD-057E0FD3062F}.Debug|ARM.ActiveCfg = Debug|Any CPU
		{19A1F16D-4FE1-42C9-88BD-057E0FD3062F}.Debug|ARM.Build.0 = Debug|Any CPU
		{19A1F16D-4FE1-42C9-88BD-057E0FD3062F}.Debug|ARM64.ActiveCfg = Debug|Any CPU
		{19A1F16D-4FE1-42C9-88BD-057E0FD3062F}.Debug|ARM64.Build.0 = Debug|Any CPU
		{19A1F16D-4FE1-42C9-88BD-057E0FD3062F}.Debug|x64.ActiveCfg = Debug|Any CPU
		{19A1F16D-4FE1-42C9-88BD-057E0FD3062F}.Debug|x64.Build.0 = Debug|Any CPU
		{19A1F16D-4FE1-42C9-88BD-057E0FD3062F}.Debug|x86.ActiveCfg = Debug|x86
		{19A1F16D-4FE1-42C9-88BD-057E0FD3062F}.Debug|x86.Build.0 = Debug|x86
		{19A1F16D-4FE1-42C9-88BD-057E0FD3062F}.Release|Any CPU.ActiveCfg = Release|Any CPU
		{19A1F16D-4FE1-42C9-88BD-057E0FD3062F}.Release|Any CPU.Build.0 = Release|Any CPU
		{19A1F16D-4FE1-42C9-88BD-057E0FD3062F}.Release|ARM.ActiveCfg = Release|Any CPU
		{19A1F16D-4FE1-42C9-88BD-057E0FD3062F}.Release|ARM.Build.0 = Release|Any CPU
		{19A1F16D-4FE1-42C9-88BD-057E0FD3062F}.Release|ARM64.ActiveCfg = Release|Any CPU
		{19A1F16D-4FE1-42C9-88BD-057E0FD3062F}.Release|ARM64.Build.0 = Release|Any CPU
		{19A1F16D-4FE1-42C9-88BD-057E0FD3062F}.Release|x64.ActiveCfg = Release|Any CPU
		{19A1F16D-4FE1-42C9-88BD-057E0FD3062F}.Release|x64.Build.0 = Release|Any CPU
		{19A1F16D-4FE1-42C9-88BD-057E0FD3062F}.Release|x86.ActiveCfg = Release|x86
		{19A1F16D-4FE1-42C9-88BD-057E0FD3062F}.Release|x86.Build.0 = Release|x86
		{AC50C613-435D-43FE-A63E-41C71E41DD88}.Debug|Any CPU.ActiveCfg = Debug|Any CPU
		{AC50C613-435D-43FE-A63E-41C71E41DD88}.Debug|Any CPU.Build.0 = Debug|Any CPU
		{AC50C613-435D-43FE-A63E-41C71E41DD88}.Debug|ARM.ActiveCfg = Debug|Any CPU
		{AC50C613-435D-43FE-A63E-41C71E41DD88}.Debug|ARM.Build.0 = Debug|Any CPU
		{AC50C613-435D-43FE-A63E-41C71E41DD88}.Debug|ARM64.ActiveCfg = Debug|Any CPU
		{AC50C613-435D-43FE-A63E-41C71E41DD88}.Debug|ARM64.Build.0 = Debug|Any CPU
		{AC50C613-435D-43FE-A63E-41C71E41DD88}.Debug|x64.ActiveCfg = Debug|Any CPU
		{AC50C613-435D-43FE-A63E-41C71E41DD88}.Debug|x64.Build.0 = Debug|Any CPU
		{AC50C613-435D-43FE-A63E-41C71E41DD88}.Debug|x86.ActiveCfg = Debug|x86
		{AC50C613-435D-43FE-A63E-41C71E41DD88}.Debug|x86.Build.0 = Debug|x86
		{AC50C613-435D-43FE-A63E-41C71E41DD88}.Release|Any CPU.ActiveCfg = Release|Any CPU
		{AC50C613-435D-43FE-A63E-41C71E41DD88}.Release|Any CPU.Build.0 = Release|Any CPU
		{AC50C613-435D-43FE-A63E-41C71E41DD88}.Release|ARM.ActiveCfg = Release|Any CPU
		{AC50C613-435D-43FE-A63E-41C71E41DD88}.Release|ARM.Build.0 = Release|Any CPU
		{AC50C613-435D-43FE-A63E-41C71E41DD88}.Release|ARM64.ActiveCfg = Release|Any CPU
		{AC50C613-435D-43FE-A63E-41C71E41DD88}.Release|ARM64.Build.0 = Release|Any CPU
		{AC50C613-435D-43FE-A63E-41C71E41DD88}.Release|x64.ActiveCfg = Release|Any CPU
		{AC50C613-435D-43FE-A63E-41C71E41DD88}.Release|x64.Build.0 = Release|Any CPU
		{AC50C613-435D-43FE-A63E-41C71E41DD88}.Release|x86.ActiveCfg = Release|x86
		{AC50C613-435D-43FE-A63E-41C71E41DD88}.Release|x86.Build.0 = Release|x86
		{A5EC9955-6028-4BE1-B217-FC9B00862A69}.Debug|Any CPU.ActiveCfg = Debug|Any CPU
		{A5EC9955-6028-4BE1-B217-FC9B00862A69}.Debug|Any CPU.Build.0 = Debug|Any CPU
		{A5EC9955-6028-4BE1-B217-FC9B00862A69}.Debug|ARM.ActiveCfg = Debug|Any CPU
		{A5EC9955-6028-4BE1-B217-FC9B00862A69}.Debug|ARM.Build.0 = Debug|Any CPU
		{A5EC9955-6028-4BE1-B217-FC9B00862A69}.Debug|ARM64.ActiveCfg = Debug|Any CPU
		{A5EC9955-6028-4BE1-B217-FC9B00862A69}.Debug|ARM64.Build.0 = Debug|Any CPU
		{A5EC9955-6028-4BE1-B217-FC9B00862A69}.Debug|x64.ActiveCfg = Debug|Any CPU
		{A5EC9955-6028-4BE1-B217-FC9B00862A69}.Debug|x64.Build.0 = Debug|Any CPU
		{A5EC9955-6028-4BE1-B217-FC9B00862A69}.Debug|x86.ActiveCfg = Debug|x86
		{A5EC9955-6028-4BE1-B217-FC9B00862A69}.Debug|x86.Build.0 = Debug|x86
		{A5EC9955-6028-4BE1-B217-FC9B00862A69}.Release|Any CPU.ActiveCfg = Release|Any CPU
		{A5EC9955-6028-4BE1-B217-FC9B00862A69}.Release|Any CPU.Build.0 = Release|Any CPU
		{A5EC9955-6028-4BE1-B217-FC9B00862A69}.Release|ARM.ActiveCfg = Release|Any CPU
		{A5EC9955-6028-4BE1-B217-FC9B00862A69}.Release|ARM.Build.0 = Release|Any CPU
		{A5EC9955-6028-4BE1-B217-FC9B00862A69}.Release|ARM64.ActiveCfg = Release|Any CPU
		{A5EC9955-6028-4BE1-B217-FC9B00862A69}.Release|ARM64.Build.0 = Release|Any CPU
		{A5EC9955-6028-4BE1-B217-FC9B00862A69}.Release|x64.ActiveCfg = Release|Any CPU
		{A5EC9955-6028-4BE1-B217-FC9B00862A69}.Release|x64.Build.0 = Release|Any CPU
		{A5EC9955-6028-4BE1-B217-FC9B00862A69}.Release|x86.ActiveCfg = Release|Any CPU
		{A5EC9955-6028-4BE1-B217-FC9B00862A69}.Release|x86.Build.0 = Release|Any CPU
		{17141B38-E9EF-4478-86F0-A4B66C56E191}.Debug|Any CPU.ActiveCfg = Debug|Any CPU
		{17141B38-E9EF-4478-86F0-A4B66C56E191}.Debug|Any CPU.Build.0 = Debug|Any CPU
		{17141B38-E9EF-4478-86F0-A4B66C56E191}.Debug|ARM.ActiveCfg = Debug|Any CPU
		{17141B38-E9EF-4478-86F0-A4B66C56E191}.Debug|ARM.Build.0 = Debug|Any CPU
		{17141B38-E9EF-4478-86F0-A4B66C56E191}.Debug|ARM64.ActiveCfg = Debug|Any CPU
		{17141B38-E9EF-4478-86F0-A4B66C56E191}.Debug|ARM64.Build.0 = Debug|Any CPU
		{17141B38-E9EF-4478-86F0-A4B66C56E191}.Debug|x64.ActiveCfg = Debug|Any CPU
		{17141B38-E9EF-4478-86F0-A4B66C56E191}.Debug|x64.Build.0 = Debug|Any CPU
		{17141B38-E9EF-4478-86F0-A4B66C56E191}.Debug|x86.ActiveCfg = Debug|x86
		{17141B38-E9EF-4478-86F0-A4B66C56E191}.Debug|x86.Build.0 = Debug|x86
		{17141B38-E9EF-4478-86F0-A4B66C56E191}.Release|Any CPU.ActiveCfg = Release|Any CPU
		{17141B38-E9EF-4478-86F0-A4B66C56E191}.Release|Any CPU.Build.0 = Release|Any CPU
		{17141B38-E9EF-4478-86F0-A4B66C56E191}.Release|ARM.ActiveCfg = Release|Any CPU
		{17141B38-E9EF-4478-86F0-A4B66C56E191}.Release|ARM.Build.0 = Release|Any CPU
		{17141B38-E9EF-4478-86F0-A4B66C56E191}.Release|ARM64.ActiveCfg = Release|Any CPU
		{17141B38-E9EF-4478-86F0-A4B66C56E191}.Release|ARM64.Build.0 = Release|Any CPU
		{17141B38-E9EF-4478-86F0-A4B66C56E191}.Release|x64.ActiveCfg = Release|Any CPU
		{17141B38-E9EF-4478-86F0-A4B66C56E191}.Release|x64.Build.0 = Release|Any CPU
		{17141B38-E9EF-4478-86F0-A4B66C56E191}.Release|x86.ActiveCfg = Release|Any CPU
		{17141B38-E9EF-4478-86F0-A4B66C56E191}.Release|x86.Build.0 = Release|Any CPU
	EndGlobalSection
	GlobalSection(SolutionProperties) = preSolution
		HideSolutionNode = FALSE
	EndGlobalSection
	GlobalSection(NestedProjects) = preSolution
		{7383E26D-6E26-4117-B328-6D2E126CFF1D} = {01FD082C-E0F2-4673-A41B-79B0EEB46AEB}
		{3EC19AE5-CF3C-4B18-A79B-3EA38B073C02} = {01FD082C-E0F2-4673-A41B-79B0EEB46AEB}
		{19A1F16D-4FE1-42C9-88BD-057E0FD3062F} = {01FD082C-E0F2-4673-A41B-79B0EEB46AEB}
		{AC50C613-435D-43FE-A63E-41C71E41DD88} = {01FD082C-E0F2-4673-A41B-79B0EEB46AEB}
		{A5EC9955-6028-4BE1-B217-FC9B00862A69} = {01FD082C-E0F2-4673-A41B-79B0EEB46AEB}
		{17141B38-E9EF-4478-86F0-A4B66C56E191} = {01FD082C-E0F2-4673-A41B-79B0EEB46AEB}
	EndGlobalSection
	GlobalSection(ExtensibilityGlobals) = postSolution
		SolutionGuid = {6998EAD5-54B7-4C45-957C-C0E56FCB77BE}
	EndGlobalSection
EndGlobal
